
Microsoft Visual Studio Solution File, Format Version 12.00
# Visual Studio Version 17
VisualStudioVersion = 17.10.35122.118
MinimumVisualStudioVersion = 10.0.40219.1
Project("{FAE04EC0-301F-11D3-BF4B-00C04F79EFBC}") = "Domain", "Domain\Domain.csproj", "{76505B9E-919D-417B-AF18-4A22B5889B22}"
EndProject
Project("{FAE04EC0-301F-11D3-BF4B-00C04F79EFBC}") = "CustomYourStyle", "CustomYourStyle\CustomYourStyle.csproj", "{E962F787-E667-4D6B-BC69-070A92B0DC1A}"
EndProject
Global
	GlobalSection(SolutionConfigurationPlatforms) = preSolution
		Debug|Any CPU = Debug|Any CPU
		Release|Any CPU = Release|Any CPU
	EndGlobalSection
	GlobalSection(ProjectConfigurationPlatforms) = postSolution
		{76505B9E-919D-417B-AF18-4A22B5889B22}.Debug|Any CPU.ActiveCfg = Debug|Any CPU
		{76505B9E-919D-417B-AF18-4A22B5889B22}.Debug|Any CPU.Build.0 = Debug|Any CPU
		{76505B9E-919D-417B-AF18-4A22B5889B22}.Release|Any CPU.ActiveCfg = Release|Any CPU
		{76505B9E-919D-417B-AF18-4A22B5889B22}.Release|Any CPU.Build.0 = Release|Any CPU
		{E962F787-E667-4D6B-BC69-070A92B0DC1A}.Debug|Any CPU.ActiveCfg = Debug|Any CPU
		{E962F787-E667-4D6B-BC69-070A92B0DC1A}.Debug|Any CPU.Build.0 = Debug|Any CPU
		{E962F787-E667-4D6B-BC69-070A92B0DC1A}.Release|Any CPU.ActiveCfg = Release|Any CPU
		{E962F787-E667-4D6B-BC69-070A92B0DC1A}.Release|Any CPU.Build.0 = Release|Any CPU
	EndGlobalSection
	GlobalSection(SolutionProperties) = preSolution
		HideSolutionNode = FALSE
	EndGlobalSection
	GlobalSection(ExtensibilityGlobals) = postSolution
		SolutionGuid = {DDB6D601-FBE9-45C3-AAC6-E9CE4A1EB1A4}
	EndGlobalSection
EndGlobal
